<?xml version="1.0" encoding="utf-8"?>
<Project ToolsVersion="4.0" xmlns="http://schemas.microsoft.com/developer/msbuild/2003">
  <ItemGroup>
    <Filter Include="Interface">
      <UniqueIdentifier>{de403b38-33ef-46f7-8ab5-8172977ebae4}</UniqueIdentifier>
    </Filter>
    <Filter Include="Implementation">
      <UniqueIdentifier>{886156a7-f36d-4009-a2ac-41671f4d8743}</UniqueIdentifier>
    </Filter>
    <Filter Include="Doc">
      <UniqueIdentifier>{e716a978-e21e-4777-b1a0-94066a6cde9c}</UniqueIdentifier>
    </Filter>
  </ItemGroup>
  <ItemGroup>
    <ClInclude Include="Interface\CreateProgramInspectorInstance.h">
      <Filter>Interface</Filter>
    </ClInclude>
    <ClInclude Include="Implementation\ProgramInspectorWebGL.h">
      <Filter>Implementation</Filter>
    </ClInclude>
    <ClInclude Include="Interface\LibShaderDebuggerInitFin.h">
      <Filter>Interface</Filter>
    </ClInclude>
    <ClInclude Include="Interface\InspectResult.h">
      <Filter>Interface</Filter>
    </ClInclude>
    <ClInclude Include="Interface\InspectedProgramCollection.h">
      <Filter>Interface</Filter>
    </ClInclude>
    <ClInclude Include="Interface\InspectedProgram.h">
      <Filter>Interface</Filter>
    </ClInclude>
    <ClInclude Include="Implementation\UtilGLSL.h">
      <Filter>Implementation</Filter>
    </ClInclude>
    <ClInclude Include="Interface\ProgramInspectorI.h">
      <Filter>Interface</Filter>
    </ClInclude>
    <ClInclude Include="Interface\InspectContextI.h">
      <Filter>Interface</Filter>
    </ClInclude>
    <ClInclude Include="Implementation\ShaderInspectorI.h">
      <Filter>Implementation</Filter>
    </ClInclude>
    <ClInclude Include="Implementation\ShaderInspectorWebGL.h">
      <Filter>Implementation</Filter>
    </ClInclude>
    <ClInclude Include="Implementation\CreateShaderInspectorInstance.h">
      <Filter>Implementation</Filter>
    </ClInclude>
    <ClInclude Include="Implementation\ASTSymbolFinder.h">
      <Filter>Implementation</Filter>
    </ClInclude>
    <ClInclude Include="Implementation\ASTQueries.h">
      <Filter>Implementation</Filter>
    </ClInclude>
    <ClInclude Include="Implementation\ASTPrinter.h">
      <Filter>Implementation</Filter>
    </ClInclude>
    <ClInclude Include="Implementation\ASTManipulations.h">
      <Filter>Implementation</Filter>
    </ClInclude>
    <ClInclude Include="Implementation\GlObject.h">
      <Filter>Implementation</Filter>
    </ClInclude>
    <ClInclude Include="Implementation\Texture2D.h">
      <Filter>Implementation</Filter>
    </ClInclude>
    <ClInclude Include="Implementation\DataFramebuffer.h">
      <Filter>Implementation</Filter>
    </ClInclude>
    <ClInclude Include="Interface\InspectContextWebGL1.h">
      <Filter>Interface</Filter>
    </ClInclude>
    <ClInclude Include="Implementation\ShaderCompilerESSL.h">
      <Filter>Implementation</Filter>
    </ClInclude>
    <ClInclude Include="Implementation\GlUtil.h">
      <Filter>Implementation</Filter>
    </ClInclude>
    <ClInclude Include="Interface\InspectContextWebGL1Basic.h">
      <Filter>Interface</Filter>
    </ClInclude>
    <ClInclude Include="Interface\PixelData.h">
      <Filter>Interface</Filter>
    </ClInclude>
    <ClInclude Include="Interface\InspectedProgramCollectionSingleton.h">
      <Filter>Interface</Filter>
    </ClInclude>
    <ClInclude Include="Interface\Debugger.h">
      <Filter>Interface</Filter>
    </ClInclude>
    <ClInclude Include="Interface\ASTLocation.h">
      <Filter>Interface</Filter>
    </ClInclude>
    <ClInclude Include="Interface\ShaderStructureState.h">
      <Filter>Interface</Filter>
    </ClInclude>
    <ClInclude Include="Implementation\ASTNodeLocationConversion.h">
      <Filter>Implementation</Filter>
    </ClInclude>
    <ClInclude Include="Implementation\ASTNodeLocation.h">
      <Filter>Implementation</Filter>
    </ClInclude>
    <ClInclude Include="Implementation\ASTGetShaderStructureNodes.h">
      <Filter>Implementation</Filter>
    </ClInclude>
    <ClInclude Include="Interface\SourceLocation.h">
      <Filter>Interface</Filter>
    </ClInclude>
    <ClInclude Include="Implementation\ShaderStructureNodes.h">
      <Filter>Implementation</Filter>
    </ClInclude>
    <ClInclude Include="Interface\Log.h">
      <Filter>Interface</Filter>
    </ClInclude>
    <ClInclude Include="Interface\LoggerI.h">
      <Filter>Interface</Filter>
    </ClInclude>
  </ItemGroup>
  <ItemGroup>
    <ClCompile Include="Implementation\CreateProgramInspectorInstance.cpp">
      <Filter>Implementation</Filter>
    </ClCompile>
    <ClCompile Include="Implementation\ProgramInspectorWebGL.cpp">
      <Filter>Implementation</Filter>
    </ClCompile>
    <ClCompile Include="Implementation\LibShaderDebuggerInitFin.cpp">
      <Filter>Implementation</Filter>
    </ClCompile>
    <ClCompile Include="Implementation\InspectResult.cpp">
      <Filter>Implementation</Filter>
    </ClCompile>
    <ClCompile Include="Implementation\InspectedProgramCollection.cpp">
      <Filter>Implementation</Filter>
    </ClCompile>
    <ClCompile Include="Implementation\InspectedProgramCollectionSingleton.cpp">
      <Filter>Implementation</Filter>
    </ClCompile>
    <ClCompile Include="Implementation\UtilGLSL.cpp">
      <Filter>Implementation</Filter>
    </ClCompile>
    <ClCompile Include="Implementation\ProgramInspectorI.cpp">
      <Filter>Implementation</Filter>
    </ClCompile>
    <ClCompile Include="Implementation\ShaderInspectorWebGL.cpp">
      <Filter>Implementation</Filter>
    </ClCompile>
    <ClCompile Include="Implementation\CreateShaderInspectorInstance.cpp">
      <Filter>Implementation</Filter>
    </ClCompile>
    <ClCompile Include="Implementation\ASTSymbolFinder.cpp">
      <Filter>Implementation</Filter>
    </ClCompile>
    <ClCompile Include="Implementation\ASTQueries.cpp">
      <Filter>Implementation</Filter>
    </ClCompile>
    <ClCompile Include="Implementation\ASTPrinter.cpp">
      <Filter>Implementation</Filter>
    </ClCompile>
    <ClCompile Include="Implementation\ASTManipulations.cpp">
      <Filter>Implementation</Filter>
    </ClCompile>
    <ClCompile Include="Implementation\GlObject.cpp">
      <Filter>Implementation</Filter>
    </ClCompile>
    <ClCompile Include="Implementation\Texture2D.cpp">
      <Filter>Implementation</Filter>
    </ClCompile>
    <ClCompile Include="Implementation\PixelData.cpp">
      <Filter>Implementation</Filter>
    </ClCompile>
    <ClCompile Include="Implementation\DataFramebuffer.cpp">
      <Filter>Implementation</Filter>
    </ClCompile>
    <ClCompile Include="Implementation\ShaderInspectorI.cpp">
      <Filter>Implementation</Filter>
    </ClCompile>
    <ClCompile Include="Implementation\InspectContextWebGL1.cpp">
      <Filter>Implementation</Filter>
    </ClCompile>
    <ClCompile Include="Implementation\ShaderCompilerESSL.cpp">
      <Filter>Implementation</Filter>
    </ClCompile>
    <ClCompile Include="Implementation\GlUtil.cpp">
      <Filter>Implementation</Filter>
    </ClCompile>
    <ClCompile Include="Implementation\InspectContextWebGL1Basic.cpp">
      <Filter>Implementation</Filter>
    </ClCompile>
    <ClCompile Include="Implementation\Debugger.cpp">
      <Filter>Implementation</Filter>
    </ClCompile>
    <ClCompile Include="Implementation\ASTNodeLocationConversion.cpp">
      <Filter>Implementation</Filter>
    </ClCompile>
    <ClCompile Include="Implementation\ASTGetShaderStructureNodes.cpp">
      <Filter>Implementation</Filter>
    </ClCompile>
    <ClCompile Include="Implementation\Log.cpp">
      <Filter>Implementation</Filter>
    </ClCompile>
  </ItemGroup>
</Project>